
Microsoft Visual Studio Solution File, Format Version 12.00
# Visual Studio Version 16
VisualStudioVersion = 16.0.30717.126
MinimumVisualStudioVersion = 10.0.40219.1
Project("{2150E333-8FDC-42A3-9474-1A3956D46DE8}") = "src", "src", "{D9ACB36B-10B7-4E9E-B17D-5A3E53F9E314}"
EndProject
Project("{2150E333-8FDC-42A3-9474-1A3956D46DE8}") = "1 - API", "1 - API", "{BB5E3E2A-8D53-448C-BC65-25BA693F0002}"
EndProject
Project("{2150E333-8FDC-42A3-9474-1A3956D46DE8}") = "2 - Application", "2 - Application", "{404D5C35-7B6C-4790-99FC-FF67FCEEB811}"
EndProject
Project("{2150E333-8FDC-42A3-9474-1A3956D46DE8}") = "3 - Domain", "3 - Domain", "{CD951C7B-175C-4ED8-9D3C-A0AD8B0EC3E8}"
EndProject
Project("{2150E333-8FDC-42A3-9474-1A3956D46DE8}") = "4.1 - Data", "4.1 - Data", "{0901424B-E19E-49F8-AE4A-B22EDEE8FAC1}"
EndProject
Project("{2150E333-8FDC-42A3-9474-1A3956D46DE8}") = "4.2 - CrossCutting", "4.2 - CrossCutting", "{9C4F9EA5-C82C-44A5-997B-BF9FF5B5375E}"
EndProject
Project("{2150E333-8FDC-42A3-9474-1A3956D46DE8}") = "4 - Infra", "4 - Infra", "{0B6334AA-E2B5-47E9-A91B-947E4B8E0A93}"
EndProject
Project("{FAE04EC0-301F-11D3-BF4B-00C04F79EFBC}") = "Library.Student.Domain", "Libary.Student.Domain\Library.Student.Domain.csproj", "{47BFB814-C61C-44E6-9726-216F826BD7EF}"
EndProject
Project("{FAE04EC0-301F-11D3-BF4B-00C04F79EFBC}") = "Library.Book.Domain", "Library.Book.Domain\Library.Book.Domain.csproj", "{77C2A1CC-5D98-48C4-A176-6E8CF01E0188}"
EndProject
Project("{FAE04EC0-301F-11D3-BF4B-00C04F79EFBC}") = "Library.Book.Application", "Library.Book.Application\Library.Book.Application.csproj", "{2CB4331F-8165-4502-9ECA-45296401A9B5}"
EndProject
Project("{FAE04EC0-301F-11D3-BF4B-00C04F79EFBC}") = "Library.Student.Application", "Library.Student.Application\Library.Student.Application.csproj", "{31CED87D-7082-463A-BAB9-FA23EBEDB9A0}"
EndProject
Project("{FAE04EC0-301F-11D3-BF4B-00C04F79EFBC}") = "Library.Infrastructure.Data", "Library.Infrastructure.Data\Library.Infrastructure.Data.csproj", "{A60D7E20-028B-4DCA-9BCA-217138D6BAB9}"
EndProject
Project("{FAE04EC0-301F-11D3-BF4B-00C04F79EFBC}") = "Library.Infrastructure.IoC", "Library.Infrastructure.IoC\Library.Infrastructure.IoC.csproj", "{DF0B436C-EF0D-4546-A37F-BE6D7540EA63}"
EndProject
Project("{FAE04EC0-301F-11D3-BF4B-00C04F79EFBC}") = "Library.Book.API", "Library.Book.API\Library.Book.API.csproj", "{E287B533-4B22-4A15-8487-06F848A17875}"
EndProject
Project("{FAE04EC0-301F-11D3-BF4B-00C04F79EFBC}") = "Library.Student.API", "Library.Student.API\Library.Student.API.csproj", "{6BDEFE08-8D9A-4488-91AF-D75D3DD49479}"
EndProject
Project("{FAE04EC0-301F-11D3-BF4B-00C04F79EFBC}") = "Library.Auth.API", "Library.Auth.API\Library.Auth.API.csproj", "{277B1446-57E5-47C1-A48F-029B93B5DC17}"
EndProject
Global
	GlobalSection(SolutionConfigurationPlatforms) = preSolution
		Debug|Any CPU = Debug|Any CPU
		Release|Any CPU = Release|Any CPU
	EndGlobalSection
	GlobalSection(ProjectConfigurationPlatforms) = postSolution
		{47BFB814-C61C-44E6-9726-216F826BD7EF}.Debug|Any CPU.ActiveCfg = Debug|Any CPU
		{47BFB814-C61C-44E6-9726-216F826BD7EF}.Debug|Any CPU.Build.0 = Debug|Any CPU
		{47BFB814-C61C-44E6-9726-216F826BD7EF}.Release|Any CPU.ActiveCfg = Release|Any CPU
		{47BFB814-C61C-44E6-9726-216F826BD7EF}.Release|Any CPU.Build.0 = Release|Any CPU
		{77C2A1CC-5D98-48C4-A176-6E8CF01E0188}.Debug|Any CPU.ActiveCfg = Debug|Any CPU
		{77C2A1CC-5D98-48C4-A176-6E8CF01E0188}.Debug|Any CPU.Build.0 = Debug|Any CPU
		{77C2A1CC-5D98-48C4-A176-6E8CF01E0188}.Release|Any CPU.ActiveCfg = Release|Any CPU
		{77C2A1CC-5D98-48C4-A176-6E8CF01E0188}.Release|Any CPU.Build.0 = Release|Any CPU
		{2CB4331F-8165-4502-9ECA-45296401A9B5}.Debug|Any CPU.ActiveCfg = Debug|Any CPU
		{2CB4331F-8165-4502-9ECA-45296401A9B5}.Debug|Any CPU.Build.0 = Debug|Any CPU
		{2CB4331F-8165-4502-9ECA-45296401A9B5}.Release|Any CPU.ActiveCfg = Release|Any CPU
		{2CB4331F-8165-4502-9ECA-45296401A9B5}.Release|Any CPU.Build.0 = Release|Any CPU
		{31CED87D-7082-463A-BAB9-FA23EBEDB9A0}.Debug|Any CPU.ActiveCfg = Debug|Any CPU
		{31CED87D-7082-463A-BAB9-FA23EBEDB9A0}.Debug|Any CPU.Build.0 = Debug|Any CPU
		{31CED87D-7082-463A-BAB9-FA23EBEDB9A0}.Release|Any CPU.ActiveCfg = Release|Any CPU
		{31CED87D-7082-463A-BAB9-FA23EBEDB9A0}.Release|Any CPU.Build.0 = Release|Any CPU
		{A60D7E20-028B-4DCA-9BCA-217138D6BAB9}.Debug|Any CPU.ActiveCfg = Debug|Any CPU
		{A60D7E20-028B-4DCA-9BCA-217138D6BAB9}.Debug|Any CPU.Build.0 = Debug|Any CPU
		{A60D7E20-028B-4DCA-9BCA-217138D6BAB9}.Release|Any CPU.ActiveCfg = Release|Any CPU
		{A60D7E20-028B-4DCA-9BCA-217138D6BAB9}.Release|Any CPU.Build.0 = Release|Any CPU
		{DF0B436C-EF0D-4546-A37F-BE6D7540EA63}.Debug|Any CPU.ActiveCfg = Debug|Any CPU
		{DF0B436C-EF0D-4546-A37F-BE6D7540EA63}.Debug|Any CPU.Build.0 = Debug|Any CPU
		{DF0B436C-EF0D-4546-A37F-BE6D7540EA63}.Release|Any CPU.ActiveCfg = Release|Any CPU
		{DF0B436C-EF0D-4546-A37F-BE6D7540EA63}.Release|Any CPU.Build.0 = Release|Any CPU
		{E287B533-4B22-4A15-8487-06F848A17875}.Debug|Any CPU.ActiveCfg = Debug|Any CPU
		{E287B533-4B22-4A15-8487-06F848A17875}.Debug|Any CPU.Build.0 = Debug|Any CPU
		{E287B533-4B22-4A15-8487-06F848A17875}.Release|Any CPU.ActiveCfg = Release|Any CPU
		{E287B533-4B22-4A15-8487-06F848A17875}.Release|Any CPU.Build.0 = Release|Any CPU
		{6BDEFE08-8D9A-4488-91AF-D75D3DD49479}.Debug|Any CPU.ActiveCfg = Debug|Any CPU
		{6BDEFE08-8D9A-4488-91AF-D75D3DD49479}.Debug|Any CPU.Build.0 = Debug|Any CPU
		{6BDEFE08-8D9A-4488-91AF-D75D3DD49479}.Release|Any CPU.ActiveCfg = Release|Any CPU
		{6BDEFE08-8D9A-4488-91AF-D75D3DD49479}.Release|Any CPU.Build.0 = Release|Any CPU
		{277B1446-57E5-47C1-A48F-029B93B5DC17}.Debug|Any CPU.ActiveCfg = Debug|Any CPU
		{277B1446-57E5-47C1-A48F-029B93B5DC17}.Debug|Any CPU.Build.0 = Debug|Any CPU
		{277B1446-57E5-47C1-A48F-029B93B5DC17}.Release|Any CPU.ActiveCfg = Release|Any CPU
		{277B1446-57E5-47C1-A48F-029B93B5DC17}.Release|Any CPU.Build.0 = Release|Any CPU
	EndGlobalSection
	GlobalSection(SolutionProperties) = preSolution
		HideSolutionNode = FALSE
	EndGlobalSection
	GlobalSection(NestedProjects) = preSolution
		{BB5E3E2A-8D53-448C-BC65-25BA693F0002} = {D9ACB36B-10B7-4E9E-B17D-5A3E53F9E314}
		{404D5C35-7B6C-4790-99FC-FF67FCEEB811} = {D9ACB36B-10B7-4E9E-B17D-5A3E53F9E314}
		{CD951C7B-175C-4ED8-9D3C-A0AD8B0EC3E8} = {D9ACB36B-10B7-4E9E-B17D-5A3E53F9E314}
		{0901424B-E19E-49F8-AE4A-B22EDEE8FAC1} = {0B6334AA-E2B5-47E9-A91B-947E4B8E0A93}
		{9C4F9EA5-C82C-44A5-997B-BF9FF5B5375E} = {0B6334AA-E2B5-47E9-A91B-947E4B8E0A93}
		{0B6334AA-E2B5-47E9-A91B-947E4B8E0A93} = {D9ACB36B-10B7-4E9E-B17D-5A3E53F9E314}
		{47BFB814-C61C-44E6-9726-216F826BD7EF} = {CD951C7B-175C-4ED8-9D3C-A0AD8B0EC3E8}
		{77C2A1CC-5D98-48C4-A176-6E8CF01E0188} = {CD951C7B-175C-4ED8-9D3C-A0AD8B0EC3E8}
		{2CB4331F-8165-4502-9ECA-45296401A9B5} = {404D5C35-7B6C-4790-99FC-FF67FCEEB811}
		{31CED87D-7082-463A-BAB9-FA23EBEDB9A0} = {404D5C35-7B6C-4790-99FC-FF67FCEEB811}
		{A60D7E20-028B-4DCA-9BCA-217138D6BAB9} = {0901424B-E19E-49F8-AE4A-B22EDEE8FAC1}
		{DF0B436C-EF0D-4546-A37F-BE6D7540EA63} = {9C4F9EA5-C82C-44A5-997B-BF9FF5B5375E}
		{E287B533-4B22-4A15-8487-06F848A17875} = {BB5E3E2A-8D53-448C-BC65-25BA693F0002}
		{6BDEFE08-8D9A-4488-91AF-D75D3DD49479} = {BB5E3E2A-8D53-448C-BC65-25BA693F0002}
		{277B1446-57E5-47C1-A48F-029B93B5DC17} = {BB5E3E2A-8D53-448C-BC65-25BA693F0002}
	EndGlobalSection
	GlobalSection(ExtensibilityGlobals) = postSolution
		SolutionGuid = {DBA762DE-B978-4618-A28C-8C056E6B9078}
	EndGlobalSection
EndGlobal
